[root]
name = "Advent of Code 2016"
version = "0.1.0"
dependencies = [
 "itertools 0.5.6 (registry+https://github.com/rust-lang/crates.io-index)",
 "md5 0.2.1 (registry+https://github.com/rust-lang/crates.io-index)",
 "nom 2.0.0 (registry+https://github.com/rust-lang/crates.io-index)",
 "onig 1.1.0 (registry+https://github.com/rust-lang/crates.io-index)",
]

[[package]]
name = "bitflags"
version = "0.7.0"
source = "registry+https://github.com/rust-lang/crates.io-index"

[[package]]
name = "cmake"
version = "0.1.19"
source = "registry+https://github.com/rust-lang/crates.io-index"
dependencies = [
 "gcc 0.3.39 (registry+https://github.com/rust-lang/crates.io-index)",
]

[[package]]
name = "either"
version = "1.0.2"
source = "registry+https://github.com/rust-lang/crates.io-index"

[[package]]
name = "gcc"
version = "0.3.39"
source = "registry+https://github.com/rust-lang/crates.io-index"

[[package]]
name = "itertools"
version = "0.5.6"
source = "registry+https://github.com/rust-lang/crates.io-index"
dependencies = [
 "either 1.0.2 (registry+https://github.com/rust-lang/crates.io-index)",
]

[[package]]
name = "lazy_static"
version = "0.2.2"
source = "registry+https://github.com/rust-lang/crates.io-index"

[[package]]
name = "libc"
version = "0.2.18"
source = "registry+https://github.com/rust-lang/crates.io-index"

[[package]]
name = "md5"
version = "0.2.1"
source = "registry+https://github.com/rust-lang/crates.io-index"

[[package]]
name = "nom"
version = "2.0.0"
source = "registry+https://github.com/rust-lang/crates.io-index"

[[package]]
name = "onig"
version = "1.1.0"
source = "registry+https://github.com/rust-lang/crates.io-index"
dependencies = [
 "bitflags 0.7.0 (registry+https://github.com/rust-lang/crates.io-index)",
 "lazy_static 0.2.2 (registry+https://github.com/rust-lang/crates.io-index)",
 "libc 0.2.18 (registry+https://github.com/rust-lang/crates.io-index)",
 "onig_sys 61.1.0 (registry+https://github.com/rust-lang/crates.io-index)",
]

[[package]]
name = "onig_sys"
version = "61.1.0"
source = "registry+https://github.com/rust-lang/crates.io-index"
dependencies = [
 "cmake 0.1.19 (registry+https://github.com/rust-lang/crates.io-index)",
 "libc 0.2.18 (registry+https://github.com/rust-lang/crates.io-index)",
 "pkg-config 0.3.8 (registry+https://github.com/rust-lang/crates.io-index)",
]

[[package]]
name = "pkg-config"
version = "0.3.8"
source = "registry+https://github.com/rust-lang/crates.io-index"

[metadata]
"checksum bitflags 0.7.0 (registry+https://github.com/rust-lang/crates.io-index)" = "aad18937a628ec6abcd26d1489012cc0e18c21798210f491af69ded9b881106d"
"checksum cmake 0.1.19 (registry+https://github.com/rust-lang/crates.io-index)" = "8ebde6558caa6cf9bffe5750c66c517e7f9d470d59fcd48b0acbc0a02d62a82a"
"checksum either 1.0.2 (registry+https://github.com/rust-lang/crates.io-index)" = "3d2b503c86dad62aaf414ecf2b8c527439abedb3f8d812537f0b12bfd6f32a91"
"checksum gcc 0.3.39 (registry+https://github.com/rust-lang/crates.io-index)" = "771e4a97ff6f237cf0f7d5f5102f6e28bb9743814b6198d684da5c58b76c11e0"
"checksum itertools 0.5.6 (registry+https://github.com/rust-lang/crates.io-index)" = "4e80479061d4444bfb160054b66fa92cf45e5a6490aadec415ea214004198194"
"checksum lazy_static 0.2.2 (registry+https://github.com/rust-lang/crates.io-index)" = "6abe0ee2e758cd6bc8a2cd56726359007748fbf4128da998b65d0b70f881e19b"
"checksum libc 0.2.18 (registry+https://github.com/rust-lang/crates.io-index)" = "a51822fc847e7a8101514d1d44e354ba2ffa7d4c194dcab48870740e327cac70"
"checksum md5 0.2.1 (registry+https://github.com/rust-lang/crates.io-index)" = "7df230903ccdffd6b3b4ec21624498ea64c912ce50297846907f0b8e1bb249dd"
"checksum nom 2.0.0 (registry+https://github.com/rust-lang/crates.io-index)" = "628d6ee18ab0ca1c1feb3331caa6ad2e53f6053b2505662b90d194889bbcd571"
"checksum onig 1.1.0 (registry+https://github.com/rust-lang/crates.io-index)" = "9c9d96ce5ce6addc4ea6cf4ca7b1a38ced8de5a3ed56a20a018c92c423e72e02"
"checksum onig_sys 61.1.0 (registry+https://github.com/rust-lang/crates.io-index)" = "a35f2cca300f0945538564da6052a449db55e65870cf0e9d443c1bce3d5dda47"
"checksum pkg-config 0.3.8 (registry+https://github.com/rust-lang/crates.io-index)" = "8cee804ecc7eaf201a4a207241472cc870e825206f6c031e3ee2a72fa425f2fa"
